
Microsoft Visual Studio Solution File, Format Version 12.00
# Visual Studio Version 16
VisualStudioVersion = 25.0.1706.9
MinimumVisualStudioVersion = 10.0.40219.1
Project("{FAE04EC0-301F-11D3-BF4B-00C04F79EFBC}") = "Arrays", "Arrays.csproj", "{910F5A77-BAC6-42E2-8768-A4FABA87B28A}"
EndProject
Global
	GlobalSection(SolutionConfigurationPlatforms) = preSolution
		Debug|Any CPU = Debug|Any CPU
		Release|Any CPU = Release|Any CPU
	EndGlobalSection
	GlobalSection(ProjectConfigurationPlatforms) = postSolution
		{910F5A77-BAC6-42E2-8768-A4FABA87B28A}.Debug|Any CPU.ActiveCfg = Debug|Any CPU
		{910F5A77-BAC6-42E2-8768-A4FABA87B28A}.Debug|Any CPU.Build.0 = Debug|Any CPU
		{910F5A77-BAC6-42E2-8768-A4FABA87B28A}.Release|Any CPU.ActiveCfg = Release|Any CPU
		{910F5A77-BAC6-42E2-8768-A4FABA87B28A}.Release|Any CPU.Build.0 = Release|Any CPU
	EndGlobalSection
	GlobalSection(SolutionProperties) = preSolution
		HideSolutionNode = FALSE
	EndGlobalSection
	GlobalSection(ExtensibilityGlobals) = postSolution
		SolutionGuid = {1AD6E46E-B82A-4F40-A68F-97DAF4178C5E}
	EndGlobalSection
EndGlobal
